
Microsoft Visual Studio Solution File, Format Version 12.00
# Visual Studio Version 17
VisualStudioVersion = 17.3.32825.248
MinimumVisualStudioVersion = 10.0.40219.1
Project("{888888A0-9F3D-457C-B088-3A5042F75D52}") = "banchPy", "banchPy\banchPy.pyproj", "{F75EEA70-199C-40BA-9FD0-023948A1A0FA}"
EndProject
Global
	GlobalSection(SolutionConfigurationPlatforms) = preSolution
		Debug|Any CPU = Debug|Any CPU
		Release|Any CPU = Release|Any CPU
	EndGlobalSection
	GlobalSection(ProjectConfigurationPlatforms) = postSolution
		{F75EEA70-199C-40BA-9FD0-023948A1A0FA}.Debug|Any CPU.ActiveCfg = Debug|Any CPU
		{F75EEA70-199C-40BA-9FD0-023948A1A0FA}.Release|Any CPU.ActiveCfg = Release|Any CPU
	EndGlobalSection
	GlobalSection(SolutionProperties) = preSolution
		HideSolutionNode = FALSE
	EndGlobalSection
	GlobalSection(ExtensibilityGlobals) = postSolution
		SolutionGuid = {83B74079-7A03-4F98-A3FF-982C32FF674E}
	EndGlobalSection
EndGlobal
